
Microsoft Visual Studio Solution File, Format Version 12.00
# Visual Studio Version 17
VisualStudioVersion = 17.6.33829.357
MinimumVisualStudioVersion = 10.0.40219.1
Project("{FAE04EC0-301F-11D3-BF4B-00C04F79EFBC}") = "LicenseCheck1", "LicenseCheck1.csproj", "{42E0D18F-234A-49A0-9B76-2247506DED0E}"
EndProject
Global
	GlobalSection(SolutionConfigurationPlatforms) = preSolution
		Debug|Any CPU = Debug|Any CPU
		Release|Any CPU = Release|Any CPU
	EndGlobalSection
	GlobalSection(ProjectConfigurationPlatforms) = postSolution
		{42E0D18F-234A-49A0-9B76-2247506DED0E}.Debug|Any CPU.ActiveCfg = Debug|Any CPU
		{42E0D18F-234A-49A0-9B76-2247506DED0E}.Debug|Any CPU.Build.0 = Debug|Any CPU
		{42E0D18F-234A-49A0-9B76-2247506DED0E}.Release|Any CPU.ActiveCfg = Release|Any CPU
		{42E0D18F-234A-49A0-9B76-2247506DED0E}.Release|Any CPU.Build.0 = Release|Any CPU
	EndGlobalSection
	GlobalSection(SolutionProperties) = preSolution
		HideSolutionNode = FALSE
	EndGlobalSection
	GlobalSection(ExtensibilityGlobals) = postSolution
		SolutionGuid = {79ADDDAF-D5EA-4096-B0A5-DC202C7D1267}
	EndGlobalSection
EndGlobal
